// !$*UTF8*$!
{
	archiveVersion = 1;
	classes = {
	};
	objectVersion = 50;
	objects = {

/* Begin PBXBuildFile section */
		544637B02240CBF700AB9DA6 /* TableViewCell.swift in Sources */ = {isa = PBXBuildFile; fileRef = 544637AF2240CBF700AB9DA6 /* TableViewCell.swift */; };
		54A5BBB72240BD130099FC7A /* AppDelegate.swift in Sources */ = {isa = PBXBuildFile; fileRef = 54A5BBB62240BD130099FC7A /* AppDelegate.swift */; };
		54A5BBB92240BD130099FC7A /* ViewController.swift in Sources */ = {isa = PBXBuildFile; fileRef = 54A5BBB82240BD130099FC7A /* ViewController.swift */; };
		54A5BBBC2240BD130099FC7A /* Main.storyboard in Resources */ = {isa = PBXBuildFile; fileRef = 54A5BBBA2240BD130099FC7A /* Main.storyboard */; };
		54A5BBBE2240BD140099FC7A /* Assets.xcassets in Resources */ = {isa = PBXBuildFile; fileRef = 54A5BBBD2240BD140099FC7A /* Assets.xcassets */; };
		54A5BBC12240BD140099FC7A /* LaunchScreen.storyboard in Resources */ = {isa = PBXBuildFile; fileRef = 54A5BBBF2240BD140099FC7A /* LaunchScreen.storyboard */; };
		E7448A59047D25E7430BC3E1 /* Pods_alamoFdemo.framework in Frameworks */ = {isa = PBXBuildFile; fileRef = 5200C3118156AC5D9F45478F /* Pods_alamoFdemo.framework */; };
/* End PBXBuildFile section */

/* Begin PBXFileReference section */
		462ED0F81CC3506968F33E93 /* Pods-alamoFdemo.release.xcconfig */ = {isa = PBXFileReference; includeInIndex = 1; lastKnownFileType = text.xcconfig; name = "Pods-alamoFdemo.release.xcconfig"; path = "Target Support Files/Pods-alamoFdemo/Pods-alamoFdemo.release.xcconfig"; sourceTree = "<group>"; };
		5200C3118156AC5D9F45478F /* Pods_alamoFdemo.framework */ = {isa = PBXFileReference; explicitFileType = wrapper.framework; includeInIndex = 0; path = Pods_alamoFdemo.framework; sourceTree = BUILT_PRODUCTS_DIR; };
		544637AF2240CBF700AB9DA6 /* TableViewCell.swift */ = {isa = PBXFileReference; lastKnownFileType = sourcecode.swift; path = TableViewCell.swift; sourceTree = "<group>"; };
		54A5BBB32240BD130099FC7A /* alamoFdemo.app */ = {isa = PBXFileReference; explicitFileType = wrapper.application; includeInIndex = 0; path = alamoFdemo.app; sourceTree = BUILT_PRODUCTS_DIR; };
		54A5BBB62240BD130099FC7A /* AppDelegate.swift */ = {isa = PBXFileReference; lastKnownFileType = sourcecode.swift; path = AppDelegate.swift; sourceTree = "<group>"; };
		54A5BBB82240BD130099FC7A /* ViewController.swift */ = {isa = PBXFileReference; lastKnownFileType = sourcecode.swift; path = ViewController.swift; sourceTree = "<group>"; };
		54A5BBBB2240BD130099FC7A /* Base */ = {isa = PBXFileReference; lastKnownFileType = file.storyboard; name = Base; path = Base.lproj/Main.storyboard; sourceTree = "<group>"; };
		54A5BBBD2240BD140099FC7A /* Assets.xcassets */ = {isa = PBXFileReference; lastKnownFileType = folder.assetcatalog; path = Assets.xcassets; sourceTree = "<group>"; };
		54A5BBC02240BD140099FC7A /* Base */ = {isa = PBXFileReference; lastKnownFileType = file.storyboard; name = Base; path = Base.lproj/LaunchScreen.storyboard; sourceTree = "<group>"; };
		54A5BBC22240BD140099FC7A /* Info.plist */ = {isa = PBXFileReference; lastKnownFileType = text.plist.xml; path = Info.plist; sourceTree = "<group>"; };
		8F9A6004214145696FCE81DF /* Pods-alamoFdemo.debug.xcconfig */ = {isa = PBXFileReference; includeInIndex = 1; lastKnownFileType = text.xcconfig; name = "Pods-alamoFdemo.debug.xcconfig"; path = "Target Support Files/Pods-alamoFdemo/Pods-alamoFdemo.debug.xcconfig"; sourceTree = "<group>"; };
/* End PBXFileReference section */

/* Begin PBXFrameworksBuildPhase section */
		54A5BBB02240BD130099FC7A /* Frameworks */ = {
			isa = PBXFrameworksBuildPhase;
			buildActionMask = 2147483647;
			files = (
				E7448A59047D25E7430BC3E1 /* Pods_alamoFdemo.framework in Frameworks */,
			);
			runOnlyForDeploymentPostprocessing = 0;
		};
/* End PBXFrameworksBuildPhase section */

/* Begin PBXGroup section */
		44B99EF2B5E6C049D7032679 /* Pods */ = {
			isa = PBXGroup;
			children = (
				8F9A6004214145696FCE81DF /* Pods-alamoFdemo.debug.xcconfig */,
				462ED0F81CC3506968F33E93 /* Pods-alamoFdemo.release.xcconfig */,
			);
			path = Pods;
			sourceTree = "<group>";
		};
		54A5BBAA2240BD130099FC7A = {
			isa = PBXGroup;
			children = (
				54A5BBB52240BD130099FC7A /* alamoFdemo */,
				54A5BBB42240BD130099FC7A /* Products */,
				44B99EF2B5E6C049D7032679 /* Pods */,
				7F5BA1B75DE4CC465D7CE56D /* Frameworks */,
			);
			sourceTree = "<group>";
		};
		54A5BBB42240BD130099FC7A /* Products */ = {
			isa = PBXGroup;
			children = (
				54A5BBB32240BD130099FC7A /* alamoFdemo.app */,
			);
			name = Products;
			sourceTree = "<group>";
		};
		54A5BBB52240BD130099FC7A /* alamoFdemo */ = {
			isa = PBXGroup;
			children = (
				54A5BBB62240BD130099FC7A /* AppDelegate.swift */,
				54A5BBB82240BD130099FC7A /* ViewController.swift */,
				544637AF2240CBF700AB9DA6 /* TableViewCell.swift */,
				54A5BBBA2240BD130099FC7A /* Main.storyboard */,
				54A5BBBD2240BD140099FC7A /* Assets.xcassets */,
				54A5BBBF2240BD140099FC7A /* LaunchScreen.storyboard */,
				54A5BBC22240BD140099FC7A /* Info.plist */,
			);
			path = alamoFdemo;
			sourceTree = "<group>";
		};
		7F5BA1B75DE4CC465D7CE56D /* Frameworks */ = {
			isa = PBXGroup;
			children = (
				5200C3118156AC5D9F45478F /* Pods_alamoFdemo.framework */,
			);
			name = Frameworks;
			sourceTree = "<group>";
		};
/* End PBXGroup section */

/* Begin PBXNativeTarget section */
		54A5BBB22240BD130099FC7A /* alamoFdemo */ = {
			isa = PBXNativeTarget;
			buildConfigurationList = 54A5BBC52240BD140099FC7A /* Build configuration list for PBXNativeTarget "alamoFdemo" */;
			buildPhases = (
				D0BC419BF018800806226839 /* [CP] Check Pods Manifest.lock */,
				54A5BBAF2240BD130099FC7A /* Sources */,
				54A5BBB02240BD130099FC7A /* Frameworks */,
				54A5BBB12240BD130099FC7A /* Resources */,
				FC96FC14EB92697BCA0F0781 /* [CP] Embed Pods Frameworks */,
			);
			buildRules = (
			);
			dependencies = (
			);
			name = alamoFdemo;
			productName = alamoFdemo;
			productReference = 54A5BBB32240BD130099FC7A /* alamoFdemo.app */;
			productType = "com.apple.product-type.application";
		};
/* End PBXNativeTarget section */

/* Begin PBXProject section */
		54A5BBAB2240BD130099FC7A /* Project object */ = {
			isa = PBXProject;
			attributes = {
				LastSwiftUpdateCheck = 1010;
				LastUpgradeCheck = 1010;
				ORGANIZATIONNAME = "abdul ahad";
				TargetAttributes = {
					54A5BBB22240BD130099FC7A = {
						CreatedOnToolsVersion = 10.1;
					};
				};
			};
			buildConfigurationList = 54A5BBAE2240BD130099FC7A /* Build configuration list for PBXProject "alamoFdemo" */;
			compatibilityVersion = "Xcode 9.3";
			developmentRegion = en;
			hasScannedForEncodings = 0;
			knownRegions = (
				en,
				Base,
			);
			mainGroup = 54A5BBAA2240BD130099FC7A;
			productRefGroup = 54A5BBB42240BD130099FC7A /* Products */;
			projectDirPath = "";
			projectRoot = "";
			targets = (
				54A5BBB22240BD130099FC7A /* alamoFdemo */,
			);
		};
/* End PBXProject section */

/* Begin PBXResourcesBuildPhase section */
		54A5BBB12240BD130099FC7A /* Resources */ = {
			isa = PBXResourcesBuildPhase;
			buildActionMask = 2147483647;
			files = (
				54A5BBC12240BD140099FC7A /* LaunchScreen.storyboard in Resources */,
				54A5BBBE2240BD140099FC7A /* Assets.xcassets in Resources */,
				54A5BBBC2240BD130099FC7A /* Main.storyboard in Resources */,
			);
			runOnlyForDeploymentPostprocessing = 0;
		};
/* End PBXResourcesBuildPhase section */

/* Begin PBXShellScriptBuildPhase section */
		D0BC419BF018800806226839 /* [CP] Check Pods Manifest.lock */ = {
			isa = PBXShellScriptBuildPhase;
			buildActionMask = 2147483647;
			files = (
			);
			inputFileListPaths = (
			);
			inputPaths = (
				"${PODS_PODFILE_DIR_PATH}/Podfile.lock",
				"${PODS_ROOT}/Manifest.lock",
			);
			name = "[CP] Check Pods Manifest.lock";
			outputFileListPaths = (
			);
			outputPaths = (
				"$(DERIVED_FILE_DIR)/Pods-alamoFdemo-checkManifestLockResult.txt",
			);
			runOnlyForDeploymentPostprocessing = 0;
			shellPath = /bin/sh;
			shellScript = "diff \"${PODS_PODFILE_DIR_PATH}/Podfile.lock\" \"${PODS_ROOT}/Manifest.lock\" > /dev/null\nif [ $? != 0 ] ; then\n    # print error to STDERR\n    echo \"error: The sandbox is not in sync with the Podfile.lock. Run 'pod install' or update your CocoaPods installation.\" >&2\n    exit 1\nfi\n# This output is used by Xcode 'outputs' to avoid re-running this script phase.\necho \"SUCCESS\" > \"${SCRIPT_OUTPUT_FILE_0}\"\n";
			showEnvVarsInLog = 0;
		};
		FC96FC14EB92697BCA0F0781 /* [CP] Embed Pods Frameworks */ = {
			isa = PBXShellScriptBuildPhase;
			buildActionMask = 2147483647;
			files = (
			);
			inputFileListPaths = (
			);
			inputPaths = (
				"${PODS_ROOT}/Target Support Files/Pods-alamoFdemo/Pods-alamoFdemo-frameworks.sh",
				"${BUILT_PRODUCTS_DIR}/Alamofire/Alamofire.framework",
				"${BUILT_PRODUCTS_DIR}/AlamofireImage/AlamofireImage.framework",
			);
			name = "[CP] Embed Pods Frameworks";
			outputFileListPaths = (
			);
			outputPaths = (
				"${TARGET_BUILD_DIR}/${FRAMEWORKS_FOLDER_PATH}/Alamofire.framework",
				"${TARGET_BUILD_DIR}/${FRAMEWORKS_FOLDER_PATH}/AlamofireImage.framework",
			);
			runOnlyForDeploymentPostprocessing = 0;
			shellPath = /bin/sh;
			shellScript = "\"${PODS_ROOT}/Target Support Files/Pods-alamoFdemo/Pods-alamoFdemo-frameworks.sh\"\n";
			showEnvVarsInLog = 0;
		};
/* End PBXShellScriptBuildPhase section */

/* Begin PBXSourcesBuildPhase section */
		54A5BBAF2240BD130099FC7A /* Sources */ = {
			isa = PBXSourcesBuildPhase;
			buildActionMask = 2147483647;
			files = (
				544637B02240CBF700AB9DA6 /* TableViewCell.swift in Sources */,
				54A5BBB92240BD130099FC7A /* ViewController.swift in Sources */,
				54A5BBB72240BD130099FC7A /* AppDelegate.swift in Sources */,
			);
			runOnlyForDeploymentPostprocessing = 0;
		};
/* End PBXSourcesBuildPhase section */

/* Begin PBXVariantGroup section */
		54A5BBBA2240BD130099FC7A /* Main.storyboard */ = {
			isa = PBXVariantGroup;
			children = (
				54A5BBBB2240BD130099FC7A /* Base */,
			);
			name = Main.storyboard;
			sourceTree = "<group>";
		};
		54A5BBBF2240BD140099FC7A /* LaunchScreen.storyboard */ = {
			isa = PBXVariantGroup;
			children = (
				54A5BBC02240BD140099FC7A /* Base */,
			);
			name = LaunchScreen.storyboard;
			sourceTree = "<group>";
		};
/* End PBXVariantGroup section */

/* Begin XCBuildConfiguration section */
		54A5BBC32240BD140099FC7A /* Debug */ = {
			isa = XCBuildConfiguration;
			buildSettings = {
				ALWAYS_SEARCH_USER_PATHS = NO;
				CLANG_ANALYZER_NONNULL = YES;
				CLANG_ANALYZER_NUMBER_OBJECT_CONVERSION = YES_AGGRESSIVE;
				CLANG_CXX_LANGUAGE_STANDARD = "gnu++14";
				CLANG_CXX_LIBRARY = "libc++";
				CLANG_ENABLE_MODULES = YES;
				CLANG_ENABLE_OBJC_ARC = YES;
				CLANG_ENABLE_OBJC_WEAK = YES;
				CLANG_WARN_BLOCK_CAPTURE_AUTORELEASING = YES;
				CLANG_WARN_BOOL_CONVERSION = YES;
				CLANG_WARN_COMMA = YES;
				CLANG_WARN_CONSTANT_CONVERSION = YES;
				CLANG_WARN_DEPRECATED_OBJC_IMPLEMENTATIONS = YES;
				CLANG_WARN_DIRECT_OBJC_ISA_USAGE = YES_ERROR;
				CLANG_WARN_DOCUMENTATION_COMMENTS = YES;
				CLANG_WARN_EMPTY_BODY = YES;
				CLANG_WARN_ENUM_CONVERSION = YES;
				CLANG_WARN_INFINITE_RECURSION = YES;
				CLANG_WARN_INT_CONVERSION = YES;
				CLANG_WARN_NON_LITERAL_NULL_CONVERSION = YES;
				CLANG_WARN_OBJC_IMPLICIT_RETAIN_SELF = YES;
				CLANG_WARN_OBJC_LITERAL_CONVERSION = YES;
				CLANG_WARN_OBJC_ROOT_CLASS = YES_ERROR;
				CLANG_WARN_RANGE_LOOP_ANALYSIS = YES;
				CLANG_WARN_STRICT_PROTOTYPES = YES;
				CLANG_WARN_SUSPICIOUS_MOVE = YES;
				CLANG_WARN_UNGUARDED_AVAILABILITY = YES_AGGRESSIVE;
				CLANG_WARN_UNREACHABLE_CODE = YES;
				CLANG_WARN__DUPLICATE_METHOD_MATCH = YES;
				CODE_SIGN_IDENTITY = "iPhone Developer";
				COPY_PHASE_STRIP = NO;
				DEBUG_INFORMATION_FORMAT = dwarf;
				ENABLE_STRICT_OBJC_MSGSEND = YES;
				ENABLE_TESTABILITY = YES;
				GCC_C_LANGUAGE_STANDARD = gnu11;
				GCC_DYNAMIC_NO_PIC = NO;
				GCC_NO_COMMON_BLOCKS = YES;
				GCC_OPTIMIZATION_LEVEL = 0;
				GCC_PREPROCESSOR_DEFINITIONS = (
					"DEBUG=1",
					"$(inherited)",
				);
				GCC_WARN_64_TO_32_BIT_CONVERSION = YES;
				GCC_WARN_ABOUT_RETURN_TYPE = YES_ERROR;
				GCC_WARN_UNDECLARED_SELECTOR = YES;
				GCC_WARN_UNINITIALIZED_AUTOS = YES_AGGRESSIVE;
				GCC_WARN_UNUSED_FUNCTION = YES;
				GCC_WARN_UNUSED_VARIABLE = YES;
				IPHONEOS_DEPLOYMENT_TARGET = 12.1;
				MTL_ENABLE_DEBUG_INFO = INCLUDE_SOURCE;
				MTL_FAST_MATH = YES;
				ONLY_ACTIVE_ARCH = YES;
				SDKROOT = iphoneos;
				SWIFT_ACTIVE_COMPILATION_CONDITIONS = DEBUG;
				SWIFT_OPTIMIZATION_LEVEL = "-Onone";
			};
			name = Debug;
		};
		54A5BBC42240BD140099FC7A /* Release */ = {
			isa = XCBuildConfiguration;
			buildSettings = {
				ALWAYS_SEARCH_USER_PATHS = NO;
				CLANG_ANALYZER_NONNULL = YES;
				CLANG_ANALYZER_NUMBER_OBJECT_CONVERSION = YES_AGGRESSIVE;
				CLANG_CXX_LANGUAGE_STANDARD = "gnu++14";
				CLANG_CXX_LIBRARY = "libc++";
				CLANG_ENABLE_MODULES = YES;
				CLANG_ENABLE_OBJC_ARC = YES;
				CLANG_ENABLE_OBJC_WEAK = YES;
				CLANG_WARN_BLOCK_CAPTURE_AUTORELEASING = YES;
				CLANG_WARN_BOOL_CONVERSION = YES;
				CLANG_WARN_COMMA = YES;
				CLANG_WARN_CONSTANT_CONVERSION = YES;
				CLANG_WARN_DEPRECATED_OBJC_IMPLEMENTATIONS = YES;
				CLANG_WARN_DIRECT_OBJC_ISA_USAGE = YES_ERROR;
				CLANG_WARN_DOCUMENTATION_COMMENTS = YES;
				CLANG_WARN_EMPTY_BODY = YES;
				CLANG_WARN_ENUM_CONVERSION = YES;
				CLANG_WARN_INFINITE_RECURSION = YES;
				CLANG_WARN_INT_CONVERSION = YES;
				CLANG_WARN_NON_LITERAL_NULL_CONVERSION = YES;
				CLANG_WARN_OBJC_IMPLICIT_RETAIN_SELF = YES;
				CLANG_WARN_OBJC_LITERAL_CONVERSION = YES;
				CLANG_WARN_OBJC_ROOT_CLASS = YES_ERROR;
				CLANG_WARN_RANGE_LOOP_ANALYSIS = YES;
				CLANG_WARN_STRICT_PROTOTYPES = YES;
				CLANG_WARN_SUSPICIOUS_MOVE = YES;
				CLANG_WARN_UNGUARDED_AVAILABILITY = YES_AGGRESSIVE;
				CLANG_WARN_UNREACHABLE_CODE = YES;
				CLANG_WARN__DUPLICATE_METHOD_MATCH = YES;
				CODE_SIGN_IDENTITY = "iPhone Developer";
				COPY_PHASE_STRIP = NO;
				DEBUG_INFORMATION_FORMAT = "dwarf-with-dsym";
				ENABLE_NS_ASSERTIONS = NO;
				ENABLE_STRICT_OBJC_MSGSEND = YES;
				GCC_C_LANGUAGE_STANDARD = gnu11;
				GCC_NO_COMMON_BLOCKS = YES;
				GCC_WARN_64_TO_32_BIT_CONVERSION = YES;
				GCC_WARN_ABOUT_RETURN_TYPE = YES_ERROR;
				GCC_WARN_UNDECLARED_SELECTOR = YES;
				GCC_WARN_UNINITIALIZED_AUTOS = YES_AGGRESSIVE;
				GCC_WARN_UNUSED_FUNCTION = YES;
				GCC_WARN_UNUSED_VARIABLE = YES;
				IPHONEOS_DEPLOYMENT_TARGET = 12.1;
				MTL_ENABLE_DEBUG_INFO = NO;
				MTL_FAST_MATH = YES;
				SDKROOT = iphoneos;
				SWIFT_COMPILATION_MODE = wholemodule;
				SWIFT_OPTIMIZATION_LEVEL = "-O";
				VALIDATE_PRODUCT = YES;
			};
			name = Release;
		};
		54A5BBC62240BD140099FC7A /* Debug */ = {
			isa = XCBuildConfiguration;
			baseConfigurationReference = 8F9A6004214145696FCE81DF /* Pods-alamoFdemo.debug.xcconfig */;
			buildSettings = {
				ASSETCATALOG_COMPILER_APPICON_NAME = AppIcon;
				CODE_SIGN_STYLE = Manual;
				DEVELOPMENT_TEAM = 7CH57WLWBS;
				INFOPLIST_FILE = alamoFdemo/Info.plist;
				IPHONEOS_DEPLOYMENT_TARGET = 11.4;
				LD_RUNPATH_SEARCH_PATHS = (
					"$(inherited)",
					"@executable_path/Frameworks",
				);
				PRODUCT_BUNDLE_IDENTIFIER = com.finja.SimSimUAT;
				PRODUCT_NAME = "$(TARGET_NAME)";
				PROVISIONING_PROFILE_SPECIFIER = "SimSimUAT DevPP";
				SWIFT_VERSION = 4.2;
				TARGETED_DEVICE_FAMILY = "1,2";
			};
			name = Debug;
		};
		54A5BBC72240BD140099FC7A /* Release */ = {
			isa = XCBuildConfiguration;
			baseConfigurationReference = 462ED0F81CC3506968F33E93 /* Pods-alamoFdemo.release.xcconfig */;
			buildSettings = {
				ASSETCATALOG_COMPILER_APPICON_NAME = AppIcon;
				CODE_SIGN_STYLE = Manual;
				DEVELOPMENT_TEAM = 7CH57WLWBS;
				INFOPLIST_FILE = alamoFdemo/Info.plist;
				IPHONEOS_DEPLOYMENT_TARGET = 11.4;
				LD_RUNPATH_SEARCH_PATHS = (
					"$(inherited)",
					"@executable_path/Frameworks",
				);
				PRODUCT_BUNDLE_IDENTIFIER = com.finja.SimSimUAT;
				PRODUCT_NAME = "$(TARGET_NAME)";
				PROVISIONING_PROFILE_SPECIFIER = "SimSimUAT DevPP";
				SWIFT_VERSION = 4.2;
				TARGETED_DEVICE_FAMILY = "1,2";
			};
			name = Release;
		};
/* End XCBuildConfiguration section */

/* Begin XCConfigurationList section */
		54A5BBAE2240BD130099FC7A /* Build configuration list for PBXProject "alamoFdemo" */ = {
			isa = XCConfigurationList;
			buildConfigurations = (
				54A5BBC32240BD140099FC7A /* Debug */,
				54A5BBC42240BD140099FC7A /* Release */,
			);
			defaultConfigurationIsVisible = 0;
			defaultConfigurationName = Release;
		};
		54A5BBC52240BD140099FC7A /* Build configuration list for PBXNativeTarget "alamoFdemo" */ = {
			isa = XCConfigurationList;
			buildConfigurations = (
				54A5BBC62240BD140099FC7A /* Debug */,
				54A5BBC72240BD140099FC7A /* Release */,
			);
			defaultConfigurationIsVisible = 0;
			defaultConfigurationName = Release;
		};
/* End XCConfigurationList section */
	};
	rootObject = 54A5BBAB2240BD130099FC7A /* Project object */;
}
